
Microsoft Visual Studio Solution File, Format Version 12.00
# Visual Studio Version 17
VisualStudioVersion = 17.2.32526.322
MinimumVisualStudioVersion = 10.0.40219.1
Project("{9A19103F-16F7-4668-BE54-9A1E7A4F7556}") = "vrToApi", "vrToApi\vrToApi.csproj", "{862460C2-BE6C-444C-A8AD-54AAF2815383}"
EndProject
Global
	GlobalSection(SolutionConfigurationPlatforms) = preSolution
		Debug|Any CPU = Debug|Any CPU
		Release|Any CPU = Release|Any CPU
	EndGlobalSection
	GlobalSection(ProjectConfigurationPlatforms) = postSolution
		{862460C2-BE6C-444C-A8AD-54AAF2815383}.Debug|Any CPU.ActiveCfg = Release|Any CPU
		{862460C2-BE6C-444C-A8AD-54AAF2815383}.Debug|Any CPU.Build.0 = Release|Any CPU
		{862460C2-BE6C-444C-A8AD-54AAF2815383}.Release|Any CPU.ActiveCfg = Release|Any CPU
		{862460C2-BE6C-444C-A8AD-54AAF2815383}.Release|Any CPU.Build.0 = Release|Any CPU
	EndGlobalSection
	GlobalSection(SolutionProperties) = preSolution
		HideSolutionNode = FALSE
	EndGlobalSection
	GlobalSection(ExtensibilityGlobals) = postSolution
		SolutionGuid = {84417D15-19AE-410F-8320-1567902B838C}
	EndGlobalSection
EndGlobal
